// !$*UTF8*$!
{
	archiveVersion = 1;
	classes = {
	};
	objectVersion = 46;
	objects = {

/* Begin PBXBuildFile section */
		9F9A3CEF1E58898E00C0BB1A /* main.m in Sources */ = {isa = PBXBuildFile; fileRef = 9F9A3CEE1E58898E00C0BB1A /* main.m */; };
		9F9A3CF21E58898E00C0BB1A /* AppDelegate.m in Sources */ = {isa = PBXBuildFile; fileRef = 9F9A3CF11E58898E00C0BB1A /* AppDelegate.m */; };
		9F9A3CF51E58898E00C0BB1A /* ViewController.m in Sources */ = {isa = PBXBuildFile; fileRef = 9F9A3CF41E58898E00C0BB1A /* ViewController.m */; };
		9F9A3CF81E58898E00C0BB1A /* Main.storyboard in Resources */ = {isa = PBXBuildFile; fileRef = 9F9A3CF61E58898E00C0BB1A /* Main.storyboard */; };
		9F9A3CFA1E58898E00C0BB1A /* Assets.xcassets in Resources */ = {isa = PBXBuildFile; fileRef = 9F9A3CF91E58898E00C0BB1A /* Assets.xcassets */; };
		9F9A3CFD1E58898E00C0BB1A /* LaunchScreen.storyboard in Resources */ = {isa = PBXBuildFile; fileRef = 9F9A3CFB1E58898E00C0BB1A /* LaunchScreen.storyboard */; };
		9F9A3D081E58898E00C0BB1A /* GCD_ConcurrentTests.m in Sources */ = {isa = PBXBuildFile; fileRef = 9F9A3D071E58898E00C0BB1A /* GCD_ConcurrentTests.m */; };
		9F9A3D131E58898E00C0BB1A /* GCD_ConcurrentUITests.m in Sources */ = {isa = PBXBuildFile; fileRef = 9F9A3D121E58898E00C0BB1A /* GCD_ConcurrentUITests.m */; };
/* End PBXBuildFile section */

/* Begin PBXContainerItemProxy section */
		9F9A3D041E58898E00C0BB1A /* PBXContainerItemProxy */ = {
			isa = PBXContainerItemProxy;
			containerPortal = 9F9A3CE21E58898E00C0BB1A /* Project object */;
			proxyType = 1;
			remoteGlobalIDString = 9F9A3CE91E58898E00C0BB1A;
			remoteInfo = GCD_Concurrent;
		};
		9F9A3D0F1E58898E00C0BB1A /* PBXContainerItemProxy */ = {
			isa = PBXContainerItemProxy;
			containerPortal = 9F9A3CE21E58898E00C0BB1A /* Project object */;
			proxyType = 1;
			remoteGlobalIDString = 9F9A3CE91E58898E00C0BB1A;
			remoteInfo = GCD_Concurrent;
		};
/* End PBXContainerItemProxy section */

/* Begin PBXFileReference section */
		9F9A3CEA1E58898E00C0BB1A /* GCD_Concurrent.app */ = {isa = PBXFileReference; explicitFileType = wrapper.application; includeInIndex = 0; path = GCD_Concurrent.app; sourceTree = BUILT_PRODUCTS_DIR; };
		9F9A3CEE1E58898E00C0BB1A /* main.m */ = {isa = PBXFileReference; lastKnownFileType = sourcecode.c.objc; path = main.m; sourceTree = "<group>"; };
		9F9A3CF01E58898E00C0BB1A /* AppDelegate.h */ = {isa = PBXFileReference; lastKnownFileType = sourcecode.c.h; path = AppDelegate.h; sourceTree = "<group>"; };
		9F9A3CF11E58898E00C0BB1A /* AppDelegate.m */ = {isa = PBXFileReference; lastKnownFileType = sourcecode.c.objc; path = AppDelegate.m; sourceTree = "<group>"; };
		9F9A3CF31E58898E00C0BB1A /* ViewController.h */ = {isa = PBXFileReference; lastKnownFileType = sourcecode.c.h; path = ViewController.h; sourceTree = "<group>"; };
		9F9A3CF41E58898E00C0BB1A /* ViewController.m */ = {isa = PBXFileReference; lastKnownFileType = sourcecode.c.objc; path = ViewController.m; sourceTree = "<group>"; };
		9F9A3CF71E58898E00C0BB1A /* Base */ = {isa = PBXFileReference; lastKnownFileType = file.storyboard; name = Base; path = Base.lproj/Main.storyboard; sourceTree = "<group>"; };
		9F9A3CF91E58898E00C0BB1A /* Assets.xcassets */ = {isa = PBXFileReference; lastKnownFileType = folder.assetcatalog; path = Assets.xcassets; sourceTree = "<group>"; };
		9F9A3CFC1E58898E00C0BB1A /* Base */ = {isa = PBXFileReference; lastKnownFileType = file.storyboard; name = Base; path = Base.lproj/LaunchScreen.storyboard; sourceTree = "<group>"; };
		9F9A3CFE1E58898E00C0BB1A /* Info.plist */ = {isa = PBXFileReference; lastKnownFileType = text.plist.xml; path = Info.plist; sourceTree = "<group>"; };
		9F9A3D031E58898E00C0BB1A /* GCD_ConcurrentTests.xctest */ = {isa = PBXFileReference; explicitFileType = wrapper.cfbundle; includeInIndex = 0; path = GCD_ConcurrentTests.xctest; sourceTree = BUILT_PRODUCTS_DIR; };
		9F9A3D071E58898E00C0BB1A /* GCD_ConcurrentTests.m */ = {isa = PBXFileReference; lastKnownFileType = sourcecode.c.objc; path = GCD_ConcurrentTests.m; sourceTree = "<group>"; };
		9F9A3D091E58898E00C0BB1A /* Info.plist */ = {isa = PBXFileReference; lastKnownFileType = text.plist.xml; path = Info.plist; sourceTree = "<group>"; };
		9F9A3D0E1E58898E00C0BB1A /* GCD_ConcurrentUITests.xctest */ = {isa = PBXFileReference; explicitFileType = wrapper.cfbundle; includeInIndex = 0; path = GCD_ConcurrentUITests.xctest; sourceTree = BUILT_PRODUCTS_DIR; };
		9F9A3D121E58898E00C0BB1A /* GCD_ConcurrentUITests.m */ = {isa = PBXFileReference; lastKnownFileType = sourcecode.c.objc; path = GCD_ConcurrentUITests.m; sourceTree = "<group>"; };
		9F9A3D141E58898E00C0BB1A /* Info.plist */ = {isa = PBXFileReference; lastKnownFileType = text.plist.xml; path = Info.plist; sourceTree = "<group>"; };
/* End PBXFileReference section */

/* Begin PBXFrameworksBuildPhase section */
		9F9A3CE71E58898E00C0BB1A /* Frameworks */ = {
			isa = PBXFrameworksBuildPhase;
			buildActionMask = 2147483647;
			files = (
			);
			runOnlyForDeploymentPostprocessing = 0;
		};
		9F9A3D001E58898E00C0BB1A /* Frameworks */ = {
			isa = PBXFrameworksBuildPhase;
			buildActionMask = 2147483647;
			files = (
			);
			runOnlyForDeploymentPostprocessing = 0;
		};
		9F9A3D0B1E58898E00C0BB1A /* Frameworks */ = {
			isa = PBXFrameworksBuildPhase;
			buildActionMask = 2147483647;
			files = (
			);
			runOnlyForDeploymentPostprocessing = 0;
		};
/* End PBXFrameworksBuildPhase section */

/* Begin PBXGroup section */
		9F9A3CE11E58898E00C0BB1A = {
			isa = PBXGroup;
			children = (
				9F9A3CEC1E58898E00C0BB1A /* GCD_Concurrent */,
				9F9A3D061E58898E00C0BB1A /* GCD_ConcurrentTests */,
				9F9A3D111E58898E00C0BB1A /* GCD_ConcurrentUITests */,
				9F9A3CEB1E58898E00C0BB1A /* Products */,
			);
			sourceTree = "<group>";
		};
		9F9A3CEB1E58898E00C0BB1A /* Products */ = {
			isa = PBXGroup;
			children = (
				9F9A3CEA1E58898E00C0BB1A /* GCD_Concurrent.app */,
				9F9A3D031E58898E00C0BB1A /* GCD_ConcurrentTests.xctest */,
				9F9A3D0E1E58898E00C0BB1A /* GCD_ConcurrentUITests.xctest */,
			);
			name = Products;
			sourceTree = "<group>";
		};
		9F9A3CEC1E58898E00C0BB1A /* GCD_Concurrent */ = {
			isa = PBXGroup;
			children = (
				9F9A3CF01E58898E00C0BB1A /* AppDelegate.h */,
				9F9A3CF11E58898E00C0BB1A /* AppDelegate.m */,
				9F9A3CF31E58898E00C0BB1A /* ViewController.h */,
				9F9A3CF41E58898E00C0BB1A /* ViewController.m */,
				9F9A3CF61E58898E00C0BB1A /* Main.storyboard */,
				9F9A3CF91E58898E00C0BB1A /* Assets.xcassets */,
				9F9A3CFB1E58898E00C0BB1A /* LaunchScreen.storyboard */,
				9F9A3CFE1E58898E00C0BB1A /* Info.plist */,
				9F9A3CED1E58898E00C0BB1A /* Supporting Files */,
			);
			path = GCD_Concurrent;
			sourceTree = "<group>";
		};
		9F9A3CED1E58898E00C0BB1A /* Supporting Files */ = {
			isa = PBXGroup;
			children = (
				9F9A3CEE1E58898E00C0BB1A /* main.m */,
			);
			name = "Supporting Files";
			sourceTree = "<group>";
		};
		9F9A3D061E58898E00C0BB1A /* GCD_ConcurrentTests */ = {
			isa = PBXGroup;
			children = (
				9F9A3D071E58898E00C0BB1A /* GCD_ConcurrentTests.m */,
				9F9A3D091E58898E00C0BB1A /* Info.plist */,
			);
			path = GCD_ConcurrentTests;
			sourceTree = "<group>";
		};
		9F9A3D111E58898E00C0BB1A /* GCD_ConcurrentUITests */ = {
			isa = PBXGroup;
			children = (
				9F9A3D121E58898E00C0BB1A /* GCD_ConcurrentUITests.m */,
				9F9A3D141E58898E00C0BB1A /* Info.plist */,
			);
			path = GCD_ConcurrentUITests;
			sourceTree = "<group>";
		};
/* End PBXGroup section */

/* Begin PBXNativeTarget section */
		9F9A3CE91E58898E00C0BB1A /* GCD_Concurrent */ = {
			isa = PBXNativeTarget;
			buildConfigurationList = 9F9A3D171E58898E00C0BB1A /* Build configuration list for PBXNativeTarget "GCD_Concurrent" */;
			buildPhases = (
				9F9A3CE61E58898E00C0BB1A /* Sources */,
				9F9A3CE71E58898E00C0BB1A /* Frameworks */,
				9F9A3CE81E58898E00C0BB1A /* Resources */,
			);
			buildRules = (
			);
			dependencies = (
			);
			name = GCD_Concurrent;
			productName = GCD_Concurrent;
			productReference = 9F9A3CEA1E58898E00C0BB1A /* GCD_Concurrent.app */;
			productType = "com.apple.product-type.application";
		};
		9F9A3D021E58898E00C0BB1A /* GCD_ConcurrentTests */ = {
			isa = PBXNativeTarget;
			buildConfigurationList = 9F9A3D1A1E58898E00C0BB1A /* Build configuration list for PBXNativeTarget "GCD_ConcurrentTests" */;
			buildPhases = (
				9F9A3CFF1E58898E00C0BB1A /* Sources */,
				9F9A3D001E58898E00C0BB1A /* Frameworks */,
				9F9A3D011E58898E00C0BB1A /* Resources */,
			);
			buildRules = (
			);
			dependencies = (
				9F9A3D051E58898E00C0BB1A /* PBXTargetDependency */,
			);
			name = GCD_ConcurrentTests;
			productName = GCD_ConcurrentTests;
			productReference = 9F9A3D031E58898E00C0BB1A /* GCD_ConcurrentTests.xctest */;
			productType = "com.apple.product-type.bundle.unit-test";
		};
		9F9A3D0D1E58898E00C0BB1A /* GCD_ConcurrentUITests */ = {
			isa = PBXNativeTarget;
			buildConfigurationList = 9F9A3D1D1E58898E00C0BB1A /* Build configuration list for PBXNativeTarget "GCD_ConcurrentUITests" */;
			buildPhases = (
				9F9A3D0A1E58898E00C0BB1A /* Sources */,
				9F9A3D0B1E58898E00C0BB1A /* Frameworks */,
				9F9A3D0C1E58898E00C0BB1A /* Resources */,
			);
			buildRules = (
			);
			dependencies = (
				9F9A3D101E58898E00C0BB1A /* PBXTargetDependency */,
			);
			name = GCD_ConcurrentUITests;
			productName = GCD_ConcurrentUITests;
			productReference = 9F9A3D0E1E58898E00C0BB1A /* GCD_ConcurrentUITests.xctest */;
			productType = "com.apple.product-type.bundle.ui-testing";
		};
/* End PBXNativeTarget section */

/* Begin PBXProject section */
		9F9A3CE21E58898E00C0BB1A /* Project object */ = {
			isa = PBXProject;
			attributes = {
				LastUpgradeCheck = 0820;
				ORGANIZATIONNAME = "何江山";
				TargetAttributes = {
					9F9A3CE91E58898E00C0BB1A = {
						CreatedOnToolsVersion = 8.2.1;
						DevelopmentTeam = 23CNQ6K9TW;
						ProvisioningStyle = Automatic;
					};
					9F9A3D021E58898E00C0BB1A = {
						CreatedOnToolsVersion = 8.2.1;
						ProvisioningStyle = Automatic;
						TestTargetID = 9F9A3CE91E58898E00C0BB1A;
					};
					9F9A3D0D1E58898E00C0BB1A = {
						CreatedOnToolsVersion = 8.2.1;
						ProvisioningStyle = Automatic;
						TestTargetID = 9F9A3CE91E58898E00C0BB1A;
					};
				};
			};
			buildConfigurationList = 9F9A3CE51E58898E00C0BB1A /* Build configuration list for PBXProject "GCD_Concurrent" */;
			compatibilityVersion = "Xcode 3.2";
			developmentRegion = English;
			hasScannedForEncodings = 0;
			knownRegions = (
				en,
				Base,
			);
			mainGroup = 9F9A3CE11E58898E00C0BB1A;
			productRefGroup = 9F9A3CEB1E58898E00C0BB1A /* Products */;
			projectDirPath = "";
			projectRoot = "";
			targets = (
				9F9A3CE91E58898E00C0BB1A /* GCD_Concurrent */,
				9F9A3D021E58898E00C0BB1A /* GCD_ConcurrentTests */,
				9F9A3D0D1E58898E00C0BB1A /* GCD_ConcurrentUITests */,
			);
		};
/* End PBXProject section */

/* Begin PBXResourcesBuildPhase section */
		9F9A3CE81E58898E00C0BB1A /* Resources */ = {
			isa = PBXResourcesBuildPhase;
			buildActionMask = 2147483647;
			files = (
				9F9A3CFD1E58898E00C0BB1A /* LaunchScreen.storyboard in Resources */,
				9F9A3CFA1E58898E00C0BB1A /* Assets.xcassets in Resources */,
				9F9A3CF81E58898E00C0BB1A /* Main.storyboard in Resources */,
			);
			runOnlyForDeploymentPostprocessing = 0;
		};
		9F9A3D011E58898E00C0BB1A /* Resources */ = {
			isa = PBXResourcesBuildPhase;
			buildActionMask = 2147483647;
			files = (
			);
			runOnlyForDeploymentPostprocessing = 0;
		};
		9F9A3D0C1E58898E00C0BB1A /* Resources */ = {
			isa = PBXResourcesBuildPhase;
			buildActionMask = 2147483647;
			files = (
			);
			runOnlyForDeploymentPostprocessing = 0;
		};
/* End PBXResourcesBuildPhase section */

/* Begin PBXSourcesBuildPhase section */
		9F9A3CE61E58898E00C0BB1A /* Sources */ = {
			isa = PBXSourcesBuildPhase;
			buildActionMask = 2147483647;
			files = (
				9F9A3CF51E58898E00C0BB1A /* ViewController.m in Sources */,
				9F9A3CF21E58898E00C0BB1A /* AppDelegate.m in Sources */,
				9F9A3CEF1E58898E00C0BB1A /* main.m in Sources */,
			);
			runOnlyForDeploymentPostprocessing = 0;
		};
		9F9A3CFF1E58898E00C0BB1A /* Sources */ = {
			isa = PBXSourcesBuildPhase;
			buildActionMask = 2147483647;
			files = (
				9F9A3D081E58898E00C0BB1A /* GCD_ConcurrentTests.m in Sources */,
			);
			runOnlyForDeploymentPostprocessing = 0;
		};
		9F9A3D0A1E58898E00C0BB1A /* Sources */ = {
			isa = PBXSourcesBuildPhase;
			buildActionMask = 2147483647;
			files = (
				9F9A3D131E58898E00C0BB1A /* GCD_ConcurrentUITests.m in Sources */,
			);
			runOnlyForDeploymentPostprocessing = 0;
		};
/* End PBXSourcesBuildPhase section */

/* Begin PBXTargetDependency section */
		9F9A3D051E58898E00C0BB1A /* PBXTargetDependency */ = {
			isa = PBXTargetDependency;
			target = 9F9A3CE91E58898E00C0BB1A /* GCD_Concurrent */;
			targetProxy = 9F9A3D041E58898E00C0BB1A /* PBXContainerItemProxy */;
		};
		9F9A3D101E58898E00C0BB1A /* PBXTargetDependency */ = {
			isa = PBXTargetDependency;
			target = 9F9A3CE91E58898E00C0BB1A /* GCD_Concurrent */;
			targetProxy = 9F9A3D0F1E58898E00C0BB1A /* PBXContainerItemProxy */;
		};
/* End PBXTargetDependency section */

/* Begin PBXVariantGroup section */
		9F9A3CF61E58898E00C0BB1A /* Main.storyboard */ = {
			isa = PBXVariantGroup;
			children = (
				9F9A3CF71E58898E00C0BB1A /* Base */,
			);
			name = Main.storyboard;
			sourceTree = "<group>";
		};
		9F9A3CFB1E58898E00C0BB1A /* LaunchScreen.storyboard */ = {
			isa = PBXVariantGroup;
			children = (
				9F9A3CFC1E58898E00C0BB1A /* Base */,
			);
			name = LaunchScreen.storyboard;
			sourceTree = "<group>";
		};
/* End PBXVariantGroup section */

/* Begin XCBuildConfiguration section */
		9F9A3D151E58898E00C0BB1A /* Debug */ = {
			isa = XCBuildConfiguration;
			buildSettings = {
				ALWAYS_SEARCH_USER_PATHS = NO;
				CLANG_ANALYZER_NONNULL = YES;
				CLANG_CXX_LANGUAGE_STANDARD = "gnu++0x";
				CLANG_CXX_LIBRARY = "libc++";
				CLANG_ENABLE_MODULES = YES;
				CLANG_ENABLE_OBJC_ARC = YES;
				CLANG_WARN_BOOL_CONVERSION = YES;
				CLANG_WARN_CONSTANT_CONVERSION = YES;
				CLANG_WARN_DIRECT_OBJC_ISA_USAGE = YES_ERROR;
				CLANG_WARN_DOCUMENTATION_COMMENTS = YES;
				CLANG_WARN_EMPTY_BODY = YES;
				CLANG_WARN_ENUM_CONVERSION = YES;
				CLANG_WARN_INFINITE_RECURSION = YES;
				CLANG_WARN_INT_CONVERSION = YES;
				CLANG_WARN_OBJC_ROOT_CLASS = YES_ERROR;
				CLANG_WARN_SUSPICIOUS_MOVE = YES;
				CLANG_WARN_UNREACHABLE_CODE = YES;
				CLANG_WARN__DUPLICATE_METHOD_MATCH = YES;
				"CODE_SIGN_IDENTITY[sdk=iphoneos*]" = "iPhone Developer";
				COPY_PHASE_STRIP = NO;
				DEBUG_INFORMATION_FORMAT = dwarf;
				ENABLE_STRICT_OBJC_MSGSEND = YES;
				ENABLE_TESTABILITY = YES;
				GCC_C_LANGUAGE_STANDARD = gnu99;
				GCC_DYNAMIC_NO_PIC = NO;
				GCC_NO_COMMON_BLOCKS = YES;
				GCC_OPTIMIZATION_LEVEL = 0;
				GCC_PREPROCESSOR_DEFINITIONS = (
					"DEBUG=1",
					"$(inherited)",
				);
				GCC_WARN_64_TO_32_BIT_CONVERSION = YES;
				GCC_WARN_ABOUT_RETURN_TYPE = YES_ERROR;
				GCC_WARN_UNDECLARED_SELECTOR = YES;
				GCC_WARN_UNINITIALIZED_AUTOS = YES_AGGRESSIVE;
				GCC_WARN_UNUSED_FUNCTION = YES;
				GCC_WARN_UNUSED_VARIABLE = YES;
				IPHONEOS_DEPLOYMENT_TARGET = 10.2;
				MTL_ENABLE_DEBUG_INFO = YES;
				ONLY_ACTIVE_ARCH = YES;
				SDKROOT = iphoneos;
			};
			name = Debug;
		};
		9F9A3D161E58898E00C0BB1A /* Release */ = {
			isa = XCBuildConfiguration;
			buildSettings = {
				ALWAYS_SEARCH_USER_PATHS = NO;
				CLANG_ANALYZER_NONNULL = YES;
				CLANG_CXX_LANGUAGE_STANDARD = "gnu++0x";
				CLANG_CXX_LIBRARY = "libc++";
				CLANG_ENABLE_MODULES = YES;
				CLANG_ENABLE_OBJC_ARC = YES;
				CLANG_WARN_BOOL_CONVERSION = YES;
				CLANG_WARN_CONSTANT_CONVERSION = YES;
				CLANG_WARN_DIRECT_OBJC_ISA_USAGE = YES_ERROR;
				CLANG_WARN_DOCUMENTATION_COMMENTS = YES;
				CLANG_WARN_EMPTY_BODY = YES;
				CLANG_WARN_ENUM_CONVERSION = YES;
				CLANG_WARN_INFINITE_RECURSION = YES;
				CLANG_WARN_INT_CONVERSION = YES;
				CLANG_WARN_OBJC_ROOT_CLASS = YES_ERROR;
				CLANG_WARN_SUSPICIOUS_MOVE = YES;
				CLANG_WARN_UNREACHABLE_CODE = YES;
				CLANG_WARN__DUPLICATE_METHOD_MATCH = YES;
				"CODE_SIGN_IDENTITY[sdk=iphoneos*]" = "iPhone Developer";
				COPY_PHASE_STRIP = NO;
				DEBUG_INFORMATION_FORMAT = "dwarf-with-dsym";
				ENABLE_NS_ASSERTIONS = NO;
				ENABLE_STRICT_OBJC_MSGSEND = YES;
				GCC_C_LANGUAGE_STANDARD = gnu99;
				GCC_NO_COMMON_BLOCKS = YES;
				GCC_WARN_64_TO_32_BIT_CONVERSION = YES;
				GCC_WARN_ABOUT_RETURN_TYPE = YES_ERROR;
				GCC_WARN_UNDECLARED_SELECTOR = YES;
				GCC_WARN_UNINITIALIZED_AUTOS = YES_AGGRESSIVE;
				GCC_WARN_UNUSED_FUNCTION = YES;
				GCC_WARN_UNUSED_VARIABLE = YES;
				IPHONEOS_DEPLOYMENT_TARGET = 10.2;
				MTL_ENABLE_DEBUG_INFO = NO;
				SDKROOT = iphoneos;
				VALIDATE_PRODUCT = YES;
			};
			name = Release;
		};
		9F9A3D181E58898E00C0BB1A /* Debug */ = {
			isa = XCBuildConfiguration;
			buildSettings = {
				ASSETCATALOG_COMPILER_APPICON_NAME = AppIcon;
				DEVELOPMENT_TEAM = 23CNQ6K9TW;
				INFOPLIST_FILE = GCD_Concurrent/Info.plist;
				IPHONEOS_DEPLOYMENT_TARGET = 9.0;
				LD_RUNPATH_SEARCH_PATHS = "$(inherited) @executable_path/Frameworks";
				PRODUCT_BUNDLE_IDENTIFIER = "---.GCD-Concurrent";
				PRODUCT_NAME = "$(TARGET_NAME)";
			};
			name = Debug;
		};
		9F9A3D191E58898E00C0BB1A /* Release */ = {
			isa = XCBuildConfiguration;
			buildSettings = {
				ASSETCATALOG_COMPILER_APPICON_NAME = AppIcon;
				DEVELOPMENT_TEAM = 23CNQ6K9TW;
				INFOPLIST_FILE = GCD_Concurrent/Info.plist;
				IPHONEOS_DEPLOYMENT_TARGET = 9.0;
				LD_RUNPATH_SEARCH_PATHS = "$(inherited) @executable_path/Frameworks";
				PRODUCT_BUNDLE_IDENTIFIER = "---.GCD-Concurrent";
				PRODUCT_NAME = "$(TARGET_NAME)";
			};
			name = Release;
		};
		9F9A3D1B1E58898E00C0BB1A /* Debug */ = {
			isa = XCBuildConfiguration;
			buildSettings = {
				BUNDLE_LOADER = "$(TEST_HOST)";
				INFOPLIST_FILE = GCD_ConcurrentTests/Info.plist;
				LD_RUNPATH_SEARCH_PATHS = "$(inherited) @executable_path/Frameworks @loader_path/Frameworks";
				PRODUCT_BUNDLE_IDENTIFIER = "---.GCD-ConcurrentTests";
				PRODUCT_NAME = "$(TARGET_NAME)";
				TEST_HOST = "$(BUILT_PRODUCTS_DIR)/GCD_Concurrent.app/GCD_Concurrent";
			};
			name = Debug;
		};
		9F9A3D1C1E58898E00C0BB1A /* Release */ = {
			isa = XCBuildConfiguration;
			buildSettings = {
				BUNDLE_LOADER = "$(TEST_HOST)";
				INFOPLIST_FILE = GCD_ConcurrentTests/Info.plist;
				LD_RUNPATH_SEARCH_PATHS = "$(inherited) @executable_path/Frameworks @loader_path/Frameworks";
				PRODUCT_BUNDLE_IDENTIFIER = "---.GCD-ConcurrentTests";
				PRODUCT_NAME = "$(TARGET_NAME)";
				TEST_HOST = "$(BUILT_PRODUCTS_DIR)/GCD_Concurrent.app/GCD_Concurrent";
			};
			name = Release;
		};
		9F9A3D1E1E58898E00C0BB1A /* Debug */ = {
			isa = XCBuildConfiguration;
			buildSettings = {
				INFOPLIST_FILE = GCD_ConcurrentUITests/Info.plist;
				LD_RUNPATH_SEARCH_PATHS = "$(inherited) @executable_path/Frameworks @loader_path/Frameworks";
				PRODUCT_BUNDLE_IDENTIFIER = "---.GCD-ConcurrentUITests";
				PRODUCT_NAME = "$(TARGET_NAME)";
				TEST_TARGET_NAME = GCD_Concurrent;
			};
			name = Debug;
		};
		9F9A3D1F1E58898E00C0BB1A /* Release */ = {
			isa = XCBuildConfiguration;
			buildSettings = {
				INFOPLIST_FILE = GCD_ConcurrentUITests/Info.plist;
				LD_RUNPATH_SEARCH_PATHS = "$(inherited) @executable_path/Frameworks @loader_path/Frameworks";
				PRODUCT_BUNDLE_IDENTIFIER = "---.GCD-ConcurrentUITests";
				PRODUCT_NAME = "$(TARGET_NAME)";
				TEST_TARGET_NAME = GCD_Concurrent;
			};
			name = Release;
		};
/* End XCBuildConfiguration section */

/* Begin XCConfigurationList section */
		9F9A3CE51E58898E00C0BB1A /* Build configuration list for PBXProject "GCD_Concurrent" */ = {
			isa = XCConfigurationList;
			buildConfigurations = (
				9F9A3D151E58898E00C0BB1A /* Debug */,
				9F9A3D161E58898E00C0BB1A /* Release */,
			);
			defaultConfigurationIsVisible = 0;
			defaultConfigurationName = Release;
		};
		9F9A3D171E58898E00C0BB1A /* Build configuration list for PBXNativeTarget "GCD_Concurrent" */ = {
			isa = XCConfigurationList;
			buildConfigurations = (
				9F9A3D181E58898E00C0BB1A /* Debug */,
				9F9A3D191E58898E00C0BB1A /* Release */,
			);
			defaultConfigurationIsVisible = 0;
		};
		9F9A3D1A1E58898E00C0BB1A /* Build configuration list for PBXNativeTarget "GCD_ConcurrentTests" */ = {
			isa = XCConfigurationList;
			buildConfigurations = (
				9F9A3D1B1E58898E00C0BB1A /* Debug */,
				9F9A3D1C1E58898E00C0BB1A /* Release */,
			);
			defaultConfigurationIsVisible = 0;
		};
		9F9A3D1D1E58898E00C0BB1A /* Build configuration list for PBXNativeTarget "GCD_ConcurrentUITests" */ = {
			isa = XCConfigurationList;
			buildConfigurations = (
				9F9A3D1E1E58898E00C0BB1A /* Debug */,
				9F9A3D1F1E58898E00C0BB1A /* Release */,
			);
			defaultConfigurationIsVisible = 0;
		};
/* End XCConfigurationList section */
	};
	rootObject = 9F9A3CE21E58898E00C0BB1A /* Project object */;
}
